
Microsoft Visual Studio Solution File, Format Version 12.00
# Visual Studio Version 17
VisualStudioVersion = 17.0.31903.59
MinimumVisualStudioVersion = 10.0.40219.1
Project("{FAE04EC0-301F-11D3-BF4B-00C04F79EFBC}") = "QR_Aplicacion.Core", "QR_Aplicacion.Core\QR_Aplicacion.Core.csproj", "{1AF92DDD-D732-4DCD-BBDE-84EC6058703E}"
EndProject
Project("{FAE04EC0-301F-11D3-BF4B-00C04F79EFBC}") = "QR_Aplicacion.Tests", "QR_Aplicacion.Tests\QR_Aplicacion.Tests.csproj", "{160DE582-8EB6-484D-98A9-50A9B2D79EFF}"
EndProject
Project("{FAE04EC0-301F-11D3-BF4B-00C04F79EFBC}") = "QR_Aplicacion.Dapper", "QR_Aplicacion.Dapper\QR_Aplicacion.Dapper.csproj", "{B1B7FCDF-1625-4E1D-9E00-F1F6B00782D5}"
EndProject
Global
	GlobalSection(SolutionConfigurationPlatforms) = preSolution
		Debug|Any CPU = Debug|Any CPU
		Release|Any CPU = Release|Any CPU
	EndGlobalSection
	GlobalSection(SolutionProperties) = preSolution
		HideSolutionNode = FALSE
	EndGlobalSection
	GlobalSection(ProjectConfigurationPlatforms) = postSolution
		{1AF92DDD-D732-4DCD-BBDE-84EC6058703E}.Debug|Any CPU.ActiveCfg = Debug|Any CPU
		{1AF92DDD-D732-4DCD-BBDE-84EC6058703E}.Debug|Any CPU.Build.0 = Debug|Any CPU
		{1AF92DDD-D732-4DCD-BBDE-84EC6058703E}.Release|Any CPU.ActiveCfg = Release|Any CPU
		{1AF92DDD-D732-4DCD-BBDE-84EC6058703E}.Release|Any CPU.Build.0 = Release|Any CPU
		{160DE582-8EB6-484D-98A9-50A9B2D79EFF}.Debug|Any CPU.ActiveCfg = Debug|Any CPU
		{160DE582-8EB6-484D-98A9-50A9B2D79EFF}.Debug|Any CPU.Build.0 = Debug|Any CPU
		{160DE582-8EB6-484D-98A9-50A9B2D79EFF}.Release|Any CPU.ActiveCfg = Release|Any CPU
		{160DE582-8EB6-484D-98A9-50A9B2D79EFF}.Release|Any CPU.Build.0 = Release|Any CPU
		{B1B7FCDF-1625-4E1D-9E00-F1F6B00782D5}.Debug|Any CPU.ActiveCfg = Debug|Any CPU
		{B1B7FCDF-1625-4E1D-9E00-F1F6B00782D5}.Debug|Any CPU.Build.0 = Debug|Any CPU
		{B1B7FCDF-1625-4E1D-9E00-F1F6B00782D5}.Release|Any CPU.ActiveCfg = Release|Any CPU
		{B1B7FCDF-1625-4E1D-9E00-F1F6B00782D5}.Release|Any CPU.Build.0 = Release|Any CPU
	EndGlobalSection
EndGlobal
